
Microsoft Visual Studio Solution File, Format Version 12.00
# Visual Studio Version 16
VisualStudioVersion = 16.0.32106.194
MinimumVisualStudioVersion = 10.0.40219.1
Project("{FAE04EC0-301F-11D3-BF4B-00C04F79EFBC}") = "Exercicio_Dolar", "Exercicio_Dolar\Exercicio_Dolar.csproj", "{8C306F3E-F08D-41C0-842C-90D72D1AB29C}"
EndProject
Global
	GlobalSection(SolutionConfigurationPlatforms) = preSolution
		Debug|Any CPU = Debug|Any CPU
		Release|Any CPU = Release|Any CPU
	EndGlobalSection
	GlobalSection(ProjectConfigurationPlatforms) = postSolution
		{8C306F3E-F08D-41C0-842C-90D72D1AB29C}.Debug|Any CPU.ActiveCfg = Debug|Any CPU
		{8C306F3E-F08D-41C0-842C-90D72D1AB29C}.Debug|Any CPU.Build.0 = Debug|Any CPU
		{8C306F3E-F08D-41C0-842C-90D72D1AB29C}.Release|Any CPU.ActiveCfg = Release|Any CPU
		{8C306F3E-F08D-41C0-842C-90D72D1AB29C}.Release|Any CPU.Build.0 = Release|Any CPU
	EndGlobalSection
	GlobalSection(SolutionProperties) = preSolution
		HideSolutionNode = FALSE
	EndGlobalSection
	GlobalSection(ExtensibilityGlobals) = postSolution
		SolutionGuid = {7B8442C5-41EE-4DF3-AA91-F4634686D606}
	EndGlobalSection
EndGlobal
